{
  "lockfileVersion": 1,
  "workspaces": {
    "": {
      "dependencies": {
        "html-docx-js": "^0.3.1",
        "html-to-docx": "^1.8.0",
        "markdown-it": "^14.1.0",
      },
    },
  },
  "packages": {
    "@oozcitak/dom": ["@oozcitak/dom@1.15.6", "", { "dependencies": { "@oozcitak/infra": "1.0.5", "@oozcitak/url": "1.0.0", "@oozcitak/util": "8.3.4" } }, "sha512-k4uEIa6DI3FCrFJMGq/05U/59WnS9DjME0kaPqBRCJAqBTkmopbYV1Xs4qFKbDJ/9wOg8W97p+1E0heng/LH7g=="],

    "@oozcitak/infra": ["@oozcitak/infra@1.0.5", "", { "dependencies": { "@oozcitak/util": "8.0.0" } }, "sha512-o+zZH7M6l5e3FaAWy3ojaPIVN5eusaYPrKm6MZQt0DKNdgXa2wDYExjpP0t/zx+GoQgQKzLu7cfD8rHCLt8JrQ=="],

    "@oozcitak/url": ["@oozcitak/url@1.0.0", "", { "dependencies": { "@oozcitak/infra": "1.0.3", "@oozcitak/util": "1.0.2" } }, "sha512-LGrMeSxeLzsdaitxq3ZmBRVOrlRRQIgNNci6L0VRnOKlJFuRIkNm4B+BObXPCJA6JT5bEJtrrwjn30jueHJYZQ=="],

    "@oozcitak/util": ["@oozcitak/util@8.3.4", "", {}, "sha512-6gH/bLQJSJEg7OEpkH4wGQdA8KXHRbzL1YkGyUO12YNAgV3jxKy4K9kvfXj4+9T0OLug5k58cnPCKSSIKzp7pg=="],

    "argparse": ["argparse@2.0.1", "", {}, "sha512-8+9WqebbFzpX9OR+Wa6O29asIogeRMzcGtAINdpMHHyAg10f05aSFVBbcEqGf/PXw1EjAZ+q2/bEBg3DvurK3Q=="],

    "browser-split": ["browser-split@0.0.1", "", {}, "sha512-JhvgRb2ihQhsljNda3BI8/UcRHVzrVwo3Q+P8vDtSiyobXuFpuZ9mq+MbRGMnC22CjW3RrfXdg6j6ITX8M+7Ow=="],

    "call-bind-apply-helpers": ["call-bind-apply-helpers@1.0.2", "", { "dependencies": { "es-errors": "^1.3.0", "function-bind": "^1.1.2" } }, "sha512-Sp1ablJ0ivDkSzjcaJdxEunN5/XvksFJ2sMBFfq6x0ryhQV/2b/KwFe21cMpmHtPOSij8K99/wSfoEuTObmuMQ=="],

    "call-bound": ["call-bound@1.0.4", "", { "dependencies": { "call-bind-apply-helpers": "^1.0.2", "get-intrinsic": "^1.3.0" } }, "sha512-+ys997U96po4Kx/ABpBCqhA9EuxJaQWDQg7295H4hBphv3IZg0boBKuwYpt4YXp6MZ5AmZQnU/tyMTlRpaSejg=="],

    "camelize": ["camelize@1.0.1", "", {}, "sha512-dU+Tx2fsypxTgtLoE36npi3UqcjSSMNYfkqgmoEhtZrraP5VWq0K7FkWVTYa8eMPtnU/G2txVsfdCJTn9uzpuQ=="],

    "color-name": ["color-name@1.1.4", "", {}, "sha512-dOy+3AuW3a2wNbZHIuMZpTcgjGuLU/uBL/ubcZF9OXbDo8ff4O8yVp5Bf0efS8uEoYo5q4Fx7dY9OgQGXgAsQA=="],

    "core-util-is": ["core-util-is@1.0.3", "", {}, "sha512-ZQBvi1DcpJ4GDqanjucZ2Hj3wEO5pZDS89BWbkcrvdxksJorwUDDZamX9ldFkp9aw2lmBDLgkObEA4DWNJ9FYQ=="],

    "dom-serializer": ["dom-serializer@0.2.2", "", { "dependencies": { "domelementtype": "^2.0.1", "entities": "^2.0.0" } }, "sha512-2/xPb3ORsQ42nHYiSunXkDjPLBaEj/xTwUO4B7XCZQTRk7EBtTOPaygh10YAAh2OI1Qrp6NWfpAhzswj0ydt9g=="],

    "dom-walk": ["dom-walk@0.1.2", "", {}, "sha512-6QvTW9mrGeIegrFXdtQi9pk7O/nSK6lSdXW2eqUspN5LWD7UTji2Fqw5V2YLjBpHEoU9Xl/eUWNpDeZvoyOv2w=="],

    "domelementtype": ["domelementtype@1.3.1", "", {}, "sha512-BSKB+TSpMpFI/HOxCNr1O8aMOTZ8hT3pM3GQ0w/mWRmkhEDSFJkkyzz4XQsBV44BChwGkrDfMyjVD0eA2aFV3w=="],

    "domhandler": ["domhandler@2.4.2", "", { "dependencies": { "domelementtype": "1" } }, "sha512-JiK04h0Ht5u/80fdLMCEmV4zkNh2BcoMFBmZ/91WtYZ8qVXSKjiw7fXMgFPnHcSZgOo3XdinHvmnDUeMf5R4wA=="],

    "domutils": ["domutils@1.7.0", "", { "dependencies": { "dom-serializer": "0", "domelementtype": "1" } }, "sha512-Lgd2XcJ/NjEw+7tFvfKxOzCYKZsdct5lczQ2ZaQY8Djz7pfAD3Gbp8ySJWtreII/vDlMVmxwa6pHmdxIYgttDg=="],

    "dunder-proto": ["dunder-proto@1.0.1", "", { "dependencies": { "call-bind-apply-helpers": "^1.0.1", "es-errors": "^1.3.0", "gopd": "^1.2.0" } }, "sha512-KIN/nDJBQRcXw0MLVhZE9iQHmG68qAVIBg9CqmUYjmQIhgij9U5MFvrqkUL5FbtyyzZuOeOt0zdeRe4UY7ct+A=="],

    "ent": ["ent@2.2.2", "", { "dependencies": { "call-bound": "^1.0.3", "es-errors": "^1.3.0", "punycode": "^1.4.1", "safe-regex-test": "^1.1.0" } }, "sha512-kKvD1tO6BM+oK9HzCPpUdRb4vKFQY/FPTFmurMvh6LlN68VMrdj77w8yp51/kDbpkFOS9J8w5W6zIzgM2H8/hw=="],

    "entities": ["entities@4.5.0", "", {}, "sha512-V0hjH4dGPh9Ao5p0MoRY6BVqtwCjhz6vI5LT8AJ55H+4g9/4vbHx1I54fS0XuclLhDHArPQCiMjDxjaL8fPxhw=="],

    "error": ["error@4.4.0", "", { "dependencies": { "camelize": "^1.0.0", "string-template": "~0.2.0", "xtend": "~4.0.0" } }, "sha512-SNDKualLUtT4StGFP7xNfuFybL2f6iJujFtrWuvJqGbVQGaN+adE23veqzPz1hjUjTunLi2EnJ+0SJxtbJreKw=="],

    "es-define-property": ["es-define-property@1.0.1", "", {}, "sha512-e3nRfgfUZ4rNGL232gUgX06QNyyez04KdjFrF+LTRoOXmrOgFKDg4BCdsjW8EnT69eqdYGmRpJwiPVYNrCaW3g=="],

    "es-errors": ["es-errors@1.3.0", "", {}, "sha512-Zf5H2Kxt2xjTvbJvP2ZWLEICxA6j+hAmMzIlypy4xcBg1vKVnx89Wy0GbS+kf5cwCVFFzdCFh2XSCFNULS6csw=="],

    "es-object-atoms": ["es-object-atoms@1.1.1", "", { "dependencies": { "es-errors": "^1.3.0" } }, "sha512-FGgH2h8zKNim9ljj7dankFPcICIK9Cp5bm+c2gQSYePhpaG5+esrLODihIorn+Pe6FGJzWhXQotPv73jTaldXA=="],

    "ev-store": ["ev-store@7.0.0", "", { "dependencies": { "individual": "^3.0.0" } }, "sha512-otazchNRnGzp2YarBJ+GXKVGvhxVATB1zmaStxJBYet0Dyq7A9VhH8IUEB/gRcL6Ch52lfpgPTRJ2m49epyMsQ=="],

    "function-bind": ["function-bind@1.1.2", "", {}, "sha512-7XHNxH7qX9xG5mIwxkhumTox/MIRNcOgDrxWsMt2pAr23WHp6MrRlN7FBSFpCpr+oVO0F744iUgR82nJMfG2SA=="],

    "get-intrinsic": ["get-intrinsic@1.3.0", "", { "dependencies": { "call-bind-apply-helpers": "^1.0.2", "es-define-property": "^1.0.1", "es-errors": "^1.3.0", "es-object-atoms": "^1.1.1", "function-bind": "^1.1.2", "get-proto": "^1.0.1", "gopd": "^1.2.0", "has-symbols": "^1.1.0", "hasown": "^2.0.2", "math-intrinsics": "^1.1.0" } }, "sha512-9fSjSaos/fRIVIp+xSJlE6lfwhES7LNtKaCBIamHsjr2na1BiABJPo0mOjjz8GJDURarmCPGqaiVg5mfjb98CQ=="],

    "get-proto": ["get-proto@1.0.1", "", { "dependencies": { "dunder-proto": "^1.0.1", "es-object-atoms": "^1.0.0" } }, "sha512-sTSfBjoXBp89JvIKIefqw7U2CCebsc74kiY6awiGogKtoSGbgjYE/G/+l9sF3MWFPNc9IcoOC4ODfKHfxFmp0g=="],

    "global": ["global@4.4.0", "", { "dependencies": { "min-document": "^2.19.0", "process": "^0.11.10" } }, "sha512-wv/LAoHdRE3BeTGz53FAamhGlPLhlssK45usmGFThIi4XqnBmjKQ16u+RNbP7WvigRZDxUsM0J3gcQ5yicaL0w=="],

    "gopd": ["gopd@1.2.0", "", {}, "sha512-ZUKRh6/kUFoAiTAtTYPZJ3hw9wNxx+BIBOijnlG9PnrJsCcSjs1wyyD6vJpaYtgnzDrKYRSqf3OO6Rfa93xsRg=="],

    "has-symbols": ["has-symbols@1.1.0", "", {}, "sha512-1cDNdwJ2Jaohmb3sg4OmKaMBwuC48sYni5HUw2DvsC8LjGTLK9h+eb1X6RyuOHe4hT0ULCW68iomhjUoKUqlPQ=="],

    "has-tostringtag": ["has-tostringtag@1.0.2", "", { "dependencies": { "has-symbols": "^1.0.3" } }, "sha512-NqADB8VjPFLM2V0VvHUewwwsw0ZWBaIdgo+ieHtK3hasLz4qeCRjYcqfB6AQrBggRKppKF8L52/VqdVsO47Dlw=="],

    "hasown": ["hasown@2.0.2", "", { "dependencies": { "function-bind": "^1.1.2" } }, "sha512-0hJU9SCPvmMzIBdZFqNPXWa6dqh7WdH0cII9y+CyS8rG3nL48Bclra9HmKhVVUHyPWNH5Y7xDwAB7bfgSjkUMQ=="],

    "html-docx-js": ["html-docx-js@0.3.1", "", { "dependencies": { "jszip": "^2.3.0", "lodash.escape": "^3.0.0", "lodash.merge": "^3.2.0" } }, "sha512-QSrMiRhxesqxYCa3f+2Z3ttIHPzSjDOL1tCOmIDIEET7HdabxXND6tAbsFMXAgRG4RADQ3wbl74ydMmjidaDPA=="],

    "html-entities": ["html-entities@2.6.0", "", {}, "sha512-kig+rMn/QOVRvr7c86gQ8lWXq+Hkv6CbAH1hLu+RG338StTpE8Z0b44SDVaqVu7HGKf27frdmUYEs9hTUX/cLQ=="],

    "html-to-docx": ["html-to-docx@1.8.0", "", { "dependencies": { "@oozcitak/dom": "1.15.6", "@oozcitak/util": "8.3.4", "color-name": "^1.1.4", "html-entities": "^2.3.3", "html-to-vdom": "^0.7.0", "image-size": "^1.0.0", "image-to-base64": "^2.2.0", "jszip": "^3.7.1", "lodash": "^4.17.21", "mime-types": "^2.1.35", "nanoid": "^3.1.25", "virtual-dom": "^2.1.1", "xmlbuilder2": "2.1.2" } }, "sha512-IiMBWIqXM4+cEsW//RKoonWV7DlXAJBmmKI73XJSVWTIXjGUaxSr2ck1jqzVRZknpvO8xsFnVicldKVAWrBYBA=="],

    "html-to-vdom": ["html-to-vdom@0.7.0", "", { "dependencies": { "ent": "^2.0.0", "htmlparser2": "^3.8.2" } }, "sha512-k+d2qNkbx0JO00KezQsNcn6k2I/xSBP4yXYFLvXbcasTTDh+RDLUJS3puxqyNnpdyXWRHFGoKU7cRmby8/APcQ=="],

    "htmlparser2": ["htmlparser2@3.10.1", "", { "dependencies": { "domelementtype": "^1.3.1", "domhandler": "^2.3.0", "domutils": "^1.5.1", "entities": "^1.1.1", "inherits": "^2.0.1", "readable-stream": "^3.1.1" } }, "sha512-IgieNijUMbkDovyoKObU1DUhm1iwNYE/fuifEoEHfd1oZKZDaONBSkal7Y01shxsM49R4XaMdGez3WnF9UfiCQ=="],

    "image-size": ["image-size@1.2.0", "", { "dependencies": { "queue": "6.0.2" }, "bin": { "image-size": "bin/image-size.js" } }, "sha512-4S8fwbO6w3GeCVN6OPtA9I5IGKkcDMPcKndtUlpJuCwu7JLjtj7JZpwqLuyY2nrmQT3AWsCJLSKPsc2mPBSl3w=="],

    "image-to-base64": ["image-to-base64@2.2.0", "", { "dependencies": { "node-fetch": "^2.6.0" } }, "sha512-Z+aMwm/91UOQqHhrz7Upre2ytKhWejZlWV/JxUTD1sT7GWWKFDJUEV5scVQKnkzSgPHFuQBUEWcanO+ma0PSVw=="],

    "immediate": ["immediate@3.0.6", "", {}, "sha512-XXOFtyqDjNDAQxVfYxuF7g9Il/IbWmmlQg2MYKOH8ExIT1qg6xc4zyS3HaEEATgs1btfzxq15ciUiY7gjSXRGQ=="],

    "individual": ["individual@3.0.0", "", {}, "sha512-rUY5vtT748NMRbEMrTNiFfy29BgGZwGXUi2NFUVMWQrogSLzlJvQV9eeMWi+g1aVaQ53tpyLAQtd5x/JH0Nh1g=="],

    "inherits": ["inherits@2.0.4", "", {}, "sha512-k/vGaX4/Yla3WzyMCvTQOXYeIHvqOKtnqBduzTHpzpQZzAskKMhZ2K+EnBiSM9zGSoIFeMpXKxa4dYeZIQqewQ=="],

    "is-object": ["is-object@1.0.2", "", {}, "sha512-2rRIahhZr2UWb45fIOuvZGpFtz0TyOZLf32KxBbSoUCeZR495zCKlWUKKUByk3geS2eAs7ZAABt0Y/Rx0GiQGA=="],

    "is-regex": ["is-regex@1.2.1", "", { "dependencies": { "call-bound": "^1.0.2", "gopd": "^1.2.0", "has-tostringtag": "^1.0.2", "hasown": "^2.0.2" } }, "sha512-MjYsKHO5O7mCsmRGxWcLWheFqN9DJ/2TmngvjKXihe6efViPqc274+Fx/4fYj/r03+ESvBdTXK0V6tA3rgez1g=="],

    "isarray": ["isarray@1.0.0", "", {}, "sha512-VLghIWNM6ELQzo7zwmcg0NmTVyWKYjvIeM83yjp0wRDTmUnrM678fQbcKBo6n2CJEF0szoG//ytg+TKla89ALQ=="],

    "jszip": ["jszip@2.7.0", "", { "dependencies": { "pako": "~1.0.2" } }, "sha512-JIsRKRVC3gTRo2vM4Wy9WBC3TRcfnIZU8k65Phi3izkvPH975FowRYtKGT6PxevA0XnJ/yO8b0QwV0ydVyQwfw=="],

    "lie": ["lie@3.3.0", "", { "dependencies": { "immediate": "~3.0.5" } }, "sha512-UaiMJzeWRlEujzAuw5LokY1L5ecNQYZKfmyZ9L7wDHb/p5etKaxXhohBcrw0EYby+G/NA52vRSN4N39dxHAIwQ=="],

    "linkify-it": ["linkify-it@5.0.0", "", { "dependencies": { "uc.micro": "^2.0.0" } }, "sha512-5aHCbzQRADcdP+ATqnDuhhJ/MRIqDkZX5pyjFHRRysS8vZ5AbqGEoFIb6pYHPZ+L/OC2Lc+xT8uHVVR5CAK/wQ=="],

    "lodash": ["lodash@4.17.21", "", {}, "sha512-v2kDEe57lecTulaDIuNTPy3Ry4gLGJ6Z1O3vE1krgXZNrsQ+LFTGHVxVjcXPs17LhbZVGedAJv8XZ1tvj5FvSg=="],

    "lodash._arraycopy": ["lodash._arraycopy@3.0.0", "", {}, "sha512-RHShTDnPKP7aWxlvXKiDT6IX2jCs6YZLCtNhOru/OX2Q/tzX295vVBK5oX1ECtN+2r86S0Ogy8ykP1sgCZAN0A=="],

    "lodash._arrayeach": ["lodash._arrayeach@3.0.0", "", {}, "sha512-Mn7HidOVcl3mkQtbPsuKR0Fj0N6Q6DQB77CtYncZcJc0bx5qv2q4Gl6a0LC1AN+GSxpnBDNnK3CKEm9XNA4zqQ=="],

    "lodash._basecopy": ["lodash._basecopy@3.0.1", "", {}, "sha512-rFR6Vpm4HeCK1WPGvjZSJ+7yik8d8PVUdCJx5rT2pogG4Ve/2ZS7kfmO5l5T2o5V2mqlNIfSF5MZlr1+xOoYQQ=="],

    "lodash._basefor": ["lodash._basefor@3.0.3", "", {}, "sha512-6bc3b8grkpMgDcVJv9JYZAk/mHgcqMljzm7OsbmcE2FGUMmmLQTPHlh/dFqR8LA0GQ7z4K67JSotVKu5058v1A=="],

    "lodash._bindcallback": ["lodash._bindcallback@3.0.1", "", {}, "sha512-2wlI0JRAGX8WEf4Gm1p/mv/SZ+jLijpj0jyaE/AXeuQphzCgD8ZQW4oSpoN8JAopujOFGU3KMuq7qfHBWlGpjQ=="],

    "lodash._createassigner": ["lodash._createassigner@3.1.1", "", { "dependencies": { "lodash._bindcallback": "^3.0.0", "lodash._isiterateecall": "^3.0.0", "lodash.restparam": "^3.0.0" } }, "sha512-LziVL7IDnJjQeeV95Wvhw6G28Z8Q6da87LWKOPWmzBLv4u6FAT/x5v00pyGW0u38UoogNF2JnD3bGgZZDaNEBw=="],

    "lodash._getnative": ["lodash._getnative@3.9.1", "", {}, "sha512-RrL9VxMEPyDMHOd9uFbvMe8X55X16/cGM5IgOKgRElQZutpX89iS6vwl64duTV1/16w5JY7tuFNXqoekmh1EmA=="],

    "lodash._isiterateecall": ["lodash._isiterateecall@3.0.9", "", {}, "sha512-De+ZbrMu6eThFti/CSzhRvTKMgQToLxbij58LMfM8JnYDNSOjkjTCIaa8ixglOeGh2nyPlakbt5bJWJ7gvpYlQ=="],

    "lodash._root": ["lodash._root@3.0.1", "", {}, "sha512-O0pWuFSK6x4EXhM1dhZ8gchNtG7JMqBtrHdoUFUWXD7dJnNSUze1GuyQr5sOs0aCvgGeI3o/OJW8f4ca7FDxmQ=="],

    "lodash.escape": ["lodash.escape@3.2.0", "", { "dependencies": { "lodash._root": "^3.0.0" } }, "sha512-n1PZMXgaaDWZDSvuNZ/8XOcYO2hOKDqZel5adtR30VKQAtoWs/5AOeFA0vPV8moiPzlqe7F4cP2tzpFewQyelQ=="],

    "lodash.isarguments": ["lodash.isarguments@3.1.0", "", {}, "sha512-chi4NHZlZqZD18a0imDHnZPrDeBbTtVN7GXMwuGdRH9qotxAjYs3aVLKc7zNOG9eddR5Ksd8rvFEBc9SsggPpg=="],

    "lodash.isarray": ["lodash.isarray@3.0.4", "", {}, "sha512-JwObCrNJuT0Nnbuecmqr5DgtuBppuCvGD9lxjFpAzwnVtdGoDQ1zig+5W8k5/6Gcn0gZ3936HDAlGd28i7sOGQ=="],

    "lodash.isplainobject": ["lodash.isplainobject@3.2.0", "", { "dependencies": { "lodash._basefor": "^3.0.0", "lodash.isarguments": "^3.0.0", "lodash.keysin": "^3.0.0" } }, "sha512-P4wZnho5curNqeEq/x292Pb57e1v+woR7DJ84DURelKB46lby8aDEGVobSaYtzHdQBWQrJSdxcCwjlGOvvdIyg=="],

    "lodash.istypedarray": ["lodash.istypedarray@3.0.6", "", {}, "sha512-lGWJ6N8AA3KSv+ZZxlTdn4f6A7kMfpJboeyvbFdE7IU9YAgweODqmOgdUHOA+c6lVWeVLysdaxciFXi+foVsWw=="],

    "lodash.keys": ["lodash.keys@3.1.2", "", { "dependencies": { "lodash._getnative": "^3.0.0", "lodash.isarguments": "^3.0.0", "lodash.isarray": "^3.0.0" } }, "sha512-CuBsapFjcubOGMn3VD+24HOAPxM79tH+V6ivJL3CHYjtrawauDJHUk//Yew9Hvc6e9rbCrURGk8z6PC+8WJBfQ=="],

    "lodash.keysin": ["lodash.keysin@3.0.8", "", { "dependencies": { "lodash.isarguments": "^3.0.0", "lodash.isarray": "^3.0.0" } }, "sha512-YDB/5xkL3fBKFMDaC+cfGV00pbiJ6XoJIfRmBhv7aR6wWtbCW6IzkiWnTfkiHTF6ALD7ff83dAtB3OEaSoyQPg=="],

    "lodash.merge": ["lodash.merge@3.3.2", "", { "dependencies": { "lodash._arraycopy": "^3.0.0", "lodash._arrayeach": "^3.0.0", "lodash._createassigner": "^3.0.0", "lodash._getnative": "^3.0.0", "lodash.isarguments": "^3.0.0", "lodash.isarray": "^3.0.0", "lodash.isplainobject": "^3.0.0", "lodash.istypedarray": "^3.0.0", "lodash.keys": "^3.0.0", "lodash.keysin": "^3.0.0", "lodash.toplainobject": "^3.0.0" } }, "sha512-ZgGZpRhWLjivGUbjtApZR4HyLv/UAyoYqESVYkK4aLBJVHRrbFpG+GNnE9JPijliME4LkKM0SFI/WyOiBiv1+w=="],

    "lodash.restparam": ["lodash.restparam@3.6.1", "", {}, "sha512-L4/arjjuq4noiUJpt3yS6KIKDtJwNe2fIYgMqyYYKoeIfV1iEqvPwhCx23o+R9dzouGihDAPN1dTIRWa7zk8tw=="],

    "lodash.toplainobject": ["lodash.toplainobject@3.0.0", "", { "dependencies": { "lodash._basecopy": "^3.0.0", "lodash.keysin": "^3.0.0" } }, "sha512-wMI0Ju1bvSmnBS3EcRRH/3zDnZOPpDtMtNDzbbNMKuTrEpALsf+sPyMeogmv63Y11qZQO7H1xFzohIEGRMjPYA=="],

    "markdown-it": ["markdown-it@14.1.0", "", { "dependencies": { "argparse": "^2.0.1", "entities": "^4.4.0", "linkify-it": "^5.0.0", "mdurl": "^2.0.0", "punycode.js": "^2.3.1", "uc.micro": "^2.1.0" }, "bin": { "markdown-it": "bin/markdown-it.mjs" } }, "sha512-a54IwgWPaeBCAAsv13YgmALOF1elABB08FxO9i+r4VFk5Vl4pKokRPeX8u5TCgSsPi6ec1otfLjdOpVcgbpshg=="],

    "math-intrinsics": ["math-intrinsics@1.1.0", "", {}, "sha512-/IXtbwEk5HTPyEwyKX6hGkYXxM9nbj64B+ilVJnC/R6B0pH5G4V3b0pVbL7DBj4tkhBAppbQUlf6F6Xl9LHu1g=="],

    "mdurl": ["mdurl@2.0.0", "", {}, "sha512-Lf+9+2r+Tdp5wXDXC4PcIBjTDtq4UKjCPMQhKIuzpJNW0b96kVqSwW0bT7FhRSfmAiFYgP+SCRvdrDozfh0U5w=="],

    "mime-db": ["mime-db@1.52.0", "", {}, "sha512-sPU4uV7dYlvtWJxwwxHD0PuihVNiE7TyAbQ5SWxDCB9mUYvOgroQOwYQQOKPJ8CIbE+1ETVlOoK1UC2nU3gYvg=="],

    "mime-types": ["mime-types@2.1.35", "", { "dependencies": { "mime-db": "1.52.0" } }, "sha512-ZDY+bPm5zTTF+YpCrAU9nK0UgICYPT0QtT1NZWFv4s++TNkcgVaT0g6+4R2uI4MjQjzysHB1zxuWL50hzaeXiw=="],

    "min-document": ["min-document@2.19.0", "", { "dependencies": { "dom-walk": "^0.1.0" } }, "sha512-9Wy1B3m3f66bPPmU5hdA4DR4PB2OfDU/+GS3yAB7IQozE3tqXaVv2zOjgla7MEGSRv95+ILmOuvhLkOK6wJtCQ=="],

    "nanoid": ["nanoid@3.3.11", "", { "bin": { "nanoid": "bin/nanoid.cjs" } }, "sha512-N8SpfPUnUp1bK+PMYW8qSWdl9U+wwNWI4QKxOYDy9JAro3WMX7p2OeVRF9v+347pnakNevPmiHhNmZ2HbFA76w=="],

    "next-tick": ["next-tick@0.2.2", "", {}, "sha512-f7h4svPtl+QidoBv4taKXUjJ70G2asaZ8G28nS0OkqaalX8dwwrtWtyxEDPK62AC00ur/+/E0pUwBwY5EPn15Q=="],

    "node-fetch": ["node-fetch@2.7.0", "", { "dependencies": { "whatwg-url": "^5.0.0" }, "peerDependencies": { "encoding": "^0.1.0" }, "optionalPeers": ["encoding"] }, "sha512-c4FRfUm/dbcWZ7U+1Wq0AwCyFL+3nt2bEw05wfxSz+DWpWsitgmSgYmy2dQdWyKC1694ELPqMs/YzUSNozLt8A=="],

    "pako": ["pako@1.0.11", "", {}, "sha512-4hLB8Py4zZce5s4yd9XzopqwVv/yGNhV1Bl8NTmCq1763HeK2+EwVTv+leGeL13Dnh2wfbqowVPXCIO0z4taYw=="],

    "process": ["process@0.11.10", "", {}, "sha512-cdGef/drWFoydD1JsMzuFf8100nZl+GT+yacc2bEced5f9Rjk4z+WtFUTBu9PhOi9j/jfmBPu0mMEY4wIdAF8A=="],

    "process-nextick-args": ["process-nextick-args@2.0.1", "", {}, "sha512-3ouUOpQhtgrbOa17J7+uxOTpITYWaGP7/AhoR3+A+/1e9skrzelGi/dXzEYyvbxubEF6Wn2ypscTKiKJFFn1ag=="],

    "punycode": ["punycode@1.4.1", "", {}, "sha512-jmYNElW7yvO7TV33CjSmvSiE2yco3bV2czu/OzDKdMNVZQWfxCblURLhf+47syQRBntjfLdd/H0egrzIG+oaFQ=="],

    "punycode.js": ["punycode.js@2.3.1", "", {}, "sha512-uxFIHU0YlHYhDQtV4R9J6a52SLx28BCjT+4ieh7IGbgwVJWO+km431c4yRlREUAsAmt/uMjQUyQHNEPf0M39CA=="],

    "queue": ["queue@6.0.2", "", { "dependencies": { "inherits": "~2.0.3" } }, "sha512-iHZWu+q3IdFZFX36ro/lKBkSvfkztY5Y7HMiPlOUjhupPcG2JMfst2KKEpu5XndviX/3UhFbRngUPNKtgvtZiA=="],

    "readable-stream": ["readable-stream@2.3.8", "", { "dependencies": { "core-util-is": "~1.0.0", "inherits": "~2.0.3", "isarray": "~1.0.0", "process-nextick-args": "~2.0.0", "safe-buffer": "~5.1.1", "string_decoder": "~1.1.1", "util-deprecate": "~1.0.1" } }, "sha512-8p0AUk4XODgIewSi0l8Epjs+EVnWiK7NoDIEGU0HhE7+ZyY8D1IMY7odu5lRrFXGg71L15KG8QrPmum45RTtdA=="],

    "safe-buffer": ["safe-buffer@5.1.2", "", {}, "sha512-Gd2UZBJDkXlY7GbJxfsE8/nvKkUEU1G38c1siN6QP6a9PT9MmHB8GnpscSmMJSoF8LOIrt8ud/wPtojys4G6+g=="],

    "safe-regex-test": ["safe-regex-test@1.1.0", "", { "dependencies": { "call-bound": "^1.0.2", "es-errors": "^1.3.0", "is-regex": "^1.2.1" } }, "sha512-x/+Cz4YrimQxQccJf5mKEbIa1NzeCRNI5Ecl/ekmlYaampdNLPalVyIcCZNNH3MvmqBugV5TMYZXv0ljslUlaw=="],

    "setimmediate": ["setimmediate@1.0.5", "", {}, "sha512-MATJdZp8sLqDl/68LfQmbP8zKPLQNV6BIZoIgrscFDQ+RsvK/BxeDQOgyxKKoh0y/8h3BqVFnCqQ/gd+reiIXA=="],

    "string-template": ["string-template@0.2.1", "", {}, "sha512-Yptehjogou2xm4UJbxJ4CxgZx12HBfeystp0y3x7s4Dj32ltVVG1Gg8YhKjHZkHicuKpZX/ffilA8505VbUbpw=="],

    "string_decoder": ["string_decoder@1.1.1", "", { "dependencies": { "safe-buffer": "~5.1.0" } }, "sha512-n/ShnvDi6FHbbVfviro+WojiFzv+s8MPMHBczVePfUpDJLwoLT0ht1l4YwBCbi8pJAveEEdnkHyPyTP/mzRfwg=="],

    "tr46": ["tr46@0.0.3", "", {}, "sha512-N3WMsuqV66lT30CrXNbEjx4GEwlow3v6rr4mCcv6prnfwhS01rkgyFdjPNBYd9br7LpXV1+Emh01fHnq2Gdgrw=="],

    "uc.micro": ["uc.micro@2.1.0", "", {}, "sha512-ARDJmphmdvUk6Glw7y9DQ2bFkKBHwQHLi2lsaH6PPmz/Ka9sFOBsBluozhDltWmnv9u/cF6Rt87znRTPV+yp/A=="],

    "util-deprecate": ["util-deprecate@1.0.2", "", {}, "sha512-EPD5q1uXyFxJpCrLnCc1nHnq3gOa6DZBocAIiI2TaSCA7VCJ1UJDMagCzIkXNsUYfD1daK//LTEQ8xiIbrHtcw=="],

    "virtual-dom": ["virtual-dom@2.1.1", "", { "dependencies": { "browser-split": "0.0.1", "error": "^4.3.0", "ev-store": "^7.0.0", "global": "^4.3.0", "is-object": "^1.0.1", "next-tick": "^0.2.2", "x-is-array": "0.1.0", "x-is-string": "0.1.0" } }, "sha512-wb6Qc9Lbqug0kRqo/iuApfBpJJAq14Sk1faAnSmtqXiwahg7PVTvWMs9L02Z8nNIMqbwsxzBAA90bbtRLbw0zg=="],

    "webidl-conversions": ["webidl-conversions@3.0.1", "", {}, "sha512-2JAn3z8AR6rjK8Sm8orRC0h/bcl/DqL7tRPdGZ4I1CjdF+EaMLmYxBHyXuKL849eucPFhvBoxMsflfOb8kxaeQ=="],

    "whatwg-url": ["whatwg-url@5.0.0", "", { "dependencies": { "tr46": "~0.0.3", "webidl-conversions": "^3.0.0" } }, "sha512-saE57nupxk6v3HY35+jzBwYa0rKSy0XR8JSxZPwgLr7ys0IBzhGviA1/TUGJLmSVqs8pb9AnvICXEuOHLprYTw=="],

    "x-is-array": ["x-is-array@0.1.0", "", {}, "sha512-goHPif61oNrr0jJgsXRfc8oqtYzvfiMJpTqwE7Z4y9uH+T3UozkGqQ4d2nX9mB9khvA8U2o/UbPOFjgC7hLWIA=="],

    "x-is-string": ["x-is-string@0.1.0", "", {}, "sha512-GojqklwG8gpzOVEVki5KudKNoq7MbbjYZCbyWzEz7tyPA7eleiE0+ePwOWQQRb5fm86rD3S8Tc0tSFf3AOv50w=="],

    "xmlbuilder2": ["xmlbuilder2@2.1.2", "", { "dependencies": { "@oozcitak/dom": "1.15.5", "@oozcitak/infra": "1.0.5", "@oozcitak/util": "8.3.3" } }, "sha512-PI710tmtVlQ5VmwzbRTuhmVhKnj9pM8Si+iOZCV2g2SNo3gCrpzR2Ka9wNzZtqfD+mnP+xkrqoNy0sjKZqP4Dg=="],

    "xtend": ["xtend@4.0.2", "", {}, "sha512-LKYU1iAXJXUgAXn9URjiu+MWhyUXHsvfp7mcuYm9dSUKK0/CjtrUwFAxD82/mCWbtLsGjFIad0wIsod4zrTAEQ=="],

    "@oozcitak/infra/@oozcitak/util": ["@oozcitak/util@8.0.0", "", {}, "sha512-+9Hq6yuoq/3TRV/n/xcpydGBq2qN2/DEDMqNTG7rm95K6ZE2/YY/sPyx62+1n8QsE9O26e5M1URlXsk+AnN9Jw=="],

    "@oozcitak/url/@oozcitak/infra": ["@oozcitak/infra@1.0.3", "", { "dependencies": { "@oozcitak/util": "1.0.1" } }, "sha512-9O2wxXGnRzy76O1XUxESxDGsXT5kzETJPvYbreO4mv6bqe1+YSuux2cZTagjJ/T4UfEwFJz5ixanOqB0QgYAag=="],

    "@oozcitak/url/@oozcitak/util": ["@oozcitak/util@1.0.2", "", {}, "sha512-4n8B1cWlJleSOSba5gxsMcN4tO8KkkcvXhNWW+ADqvq9Xj+Lrl9uCa90GRpjekqQJyt84aUX015DG81LFpZYXA=="],

    "dom-serializer/domelementtype": ["domelementtype@2.3.0", "", {}, "sha512-OLETBj6w0OsagBwdXnPdN0cnMfF9opN69co+7ZrbfPGrdpPVNBUj02spi6B1N7wChLQiPn4CSH/zJvXw56gmHw=="],

    "dom-serializer/entities": ["entities@2.2.0", "", {}, "sha512-p92if5Nz619I0w+akJrLZH0MX0Pb5DX39XOwQTtXSdQQOaYH03S1uIQp4mhOZtAXrxq4ViO67YTiLBo2638o9A=="],

    "html-to-docx/jszip": ["jszip@3.10.1", "", { "dependencies": { "lie": "~3.3.0", "pako": "~1.0.2", "readable-stream": "~2.3.6", "setimmediate": "^1.0.5" } }, "sha512-xXDvecyTpGLrqFrvkrUSoxxfJI5AH7U8zxxtVclpsUtMCq4JQ290LY8AW5c7Ggnr/Y/oK+bQMbqK2qmtk3pN4g=="],

    "htmlparser2/entities": ["entities@1.1.2", "", {}, "sha512-f2LZMYl1Fzu7YSBKg+RoROelpOaNrcGmE9AZubeDfrCEia483oW4MI4VyFd5VNHIgQ/7qm1I0wUHK1eJnn2y2w=="],

    "htmlparser2/readable-stream": ["readable-stream@3.6.2", "", { "dependencies": { "inherits": "^2.0.3", "string_decoder": "^1.1.1", "util-deprecate": "^1.0.1" } }, "sha512-9u/sniCrY3D5WdsERHzHE4G2YCXqoG5FTHUiCC4SIbr6XcLZBY05ya9EKjYek9O5xOAwjGq+1JdGBAS7Q9ScoA=="],

    "xmlbuilder2/@oozcitak/dom": ["@oozcitak/dom@1.15.5", "", { "dependencies": { "@oozcitak/infra": "1.0.5", "@oozcitak/url": "1.0.0", "@oozcitak/util": "8.0.0" } }, "sha512-L6v3Mwb0TaYBYgeYlIeBaHnc+2ZEaDSbFiRm5KmqZQSoBlbPlf+l6aIH/sD5GUf2MYwULw00LT7+dOnEuAEC0A=="],

    "xmlbuilder2/@oozcitak/util": ["@oozcitak/util@8.3.3", "", {}, "sha512-Ufpab7G5PfnEhQyy5kDg9C8ltWJjsVT1P/IYqacjstaqydG4Q21HAT2HUZQYBrC/a1ZLKCz87pfydlDvv8y97w=="],

    "@oozcitak/url/@oozcitak/infra/@oozcitak/util": ["@oozcitak/util@1.0.1", "", {}, "sha512-dFwFqcKrQnJ2SapOmRD1nQWEZUtbtIy9Y6TyJquzsalWNJsKIPxmTI0KG6Ypyl8j7v89L2wixH9fQDNrF78hKg=="],

    "xmlbuilder2/@oozcitak/dom/@oozcitak/util": ["@oozcitak/util@8.0.0", "", {}, "sha512-+9Hq6yuoq/3TRV/n/xcpydGBq2qN2/DEDMqNTG7rm95K6ZE2/YY/sPyx62+1n8QsE9O26e5M1URlXsk+AnN9Jw=="],
  }
}
